[[package]]
name = "numpy"
version = "1.22.2"
description = "NumPy is the fundamental package for array computing with Python."
category = "main"
optional = false
python-versions = ">=3.8"

[[package]]
name = "python-randomword"
version = "1.0.3"
description = "Cool simple Python module to get random words with definition (offline usage)"
category = "main"
optional = false
python-versions = "*"

[metadata]
lock-version = "1.1"
python-versions = ">=3.8.0,<3.9"
content-hash = "1f743b5a0edc8017c89a6f071b0ac61123074916a8f4fd17ecde6a23b1355408"

[metadata.files]
numpy = []
python-randomword = [
    {file = "python-randomword-1.0.3.tar.gz", hash = "sha256:8bef89166445f8a7c24f1f4a1935bb53e11eabbc500e14339ab80c975039757f"},
]
